
Microsoft Visual Studio Solution File, Format Version 12.00
# Visual Studio Version 16
VisualStudioVersion = 16.0.29709.97
MinimumVisualStudioVersion = 10.0.40219.1
Project("{FAE04EC0-301F-11D3-BF4B-00C04F79EFBC}") = "AppAboutBrewerService", "AppAboutBrewerService\AppAboutBrewerService.csproj", "{04A7596E-67D4-4AD1-AE73-98BF81EFFFA4}"
EndProject
Global
	GlobalSection(SolutionConfigurationPlatforms) = preSolution
		Debug|Any CPU = Debug|Any CPU
		Release|Any CPU = Release|Any CPU
	EndGlobalSection
	GlobalSection(ProjectConfigurationPlatforms) = postSolution
		{04A7596E-67D4-4AD1-AE73-98BF81EFFFA4}.Debug|Any CPU.ActiveCfg = Debug|Any CPU
		{04A7596E-67D4-4AD1-AE73-98BF81EFFFA4}.Debug|Any CPU.Build.0 = Debug|Any CPU
		{04A7596E-67D4-4AD1-AE73-98BF81EFFFA4}.Release|Any CPU.ActiveCfg = Release|Any CPU
		{04A7596E-67D4-4AD1-AE73-98BF81EFFFA4}.Release|Any CPU.Build.0 = Release|Any CPU
	EndGlobalSection
	GlobalSection(SolutionProperties) = preSolution
		HideSolutionNode = FALSE
	EndGlobalSection
	GlobalSection(ExtensibilityGlobals) = postSolution
		SolutionGuid = {E9C78B9E-1492-4609-920C-6CBE23BA4E9D}
	EndGlobalSection
EndGlobal
